
Microsoft Visual Studio Solution File, Format Version 12.00
# Visual Studio 15
VisualStudioVersion = 15.0.28307.421
MinimumVisualStudioVersion = 10.0.40219.1
Project("{FAE04EC0-301F-11D3-BF4B-00C04F79EFBC}") = "LR3_TPOAS", "LR3_TPOAS\LR3_TPOAS.csproj", "{0C5C5A7F-A046-4F47-829A-1413C3580EB7}"
EndProject
Global
	GlobalSection(SolutionConfigurationPlatforms) = preSolution
		Debug|Any CPU = Debug|Any CPU
		Release|Any CPU = Release|Any CPU
	EndGlobalSection
	GlobalSection(ProjectConfigurationPlatforms) = postSolution
		{0C5C5A7F-A046-4F47-829A-1413C3580EB7}.Debug|Any CPU.ActiveCfg = Debug|Any CPU
		{0C5C5A7F-A046-4F47-829A-1413C3580EB7}.Debug|Any CPU.Build.0 = Debug|Any CPU
		{0C5C5A7F-A046-4F47-829A-1413C3580EB7}.Release|Any CPU.ActiveCfg = Release|Any CPU
		{0C5C5A7F-A046-4F47-829A-1413C3580EB7}.Release|Any CPU.Build.0 = Release|Any CPU
	EndGlobalSection
	GlobalSection(SolutionProperties) = preSolution
		HideSolutionNode = FALSE
	EndGlobalSection
	GlobalSection(ExtensibilityGlobals) = postSolution
		SolutionGuid = {DCB3D584-590F-4FA5-943F-9237A4EA4251}
	EndGlobalSection
EndGlobal
